
Microsoft Visual Studio Solution File, Format Version 12.00
# Visual Studio 15
VisualStudioVersion = 15.0.26430.6
MinimumVisualStudioVersion = 10.0.40219.1
Project("{FAE04EC0-301F-11D3-BF4B-00C04F79EFBC}") = "lesson_4_days_between_dates", "lesson_4_days_between_dates\lesson_4_days_between_dates.csproj", "{32AB41C6-87D4-4DFE-9754-B7D7EF1E4122}"
EndProject
Global
	GlobalSection(SolutionConfigurationPlatforms) = preSolution
		Debug|Any CPU = Debug|Any CPU
		Release|Any CPU = Release|Any CPU
	EndGlobalSection
	GlobalSection(ProjectConfigurationPlatforms) = postSolution
		{32AB41C6-87D4-4DFE-9754-B7D7EF1E4122}.Debug|Any CPU.ActiveCfg = Debug|Any CPU
		{32AB41C6-87D4-4DFE-9754-B7D7EF1E4122}.Debug|Any CPU.Build.0 = Debug|Any CPU
		{32AB41C6-87D4-4DFE-9754-B7D7EF1E4122}.Release|Any CPU.ActiveCfg = Release|Any CPU
		{32AB41C6-87D4-4DFE-9754-B7D7EF1E4122}.Release|Any CPU.Build.0 = Release|Any CPU
	EndGlobalSection
	GlobalSection(SolutionProperties) = preSolution
		HideSolutionNode = FALSE
	EndGlobalSection
EndGlobal
